{
  "name": "git",
  "version": "1.0.0",
  "lockfileVersion": 3,
  "requires": true,
  "packages": {
    "": {
      "name": "git",
      "version": "1.0.0",
      "license": "ISC",
      "dependencies": {
        "chrome-extension-async": "^3.4.1"
      }
    },
    "node_modules/chrome-extension-async": {
      "version": "3.4.1",
      "resolved": "https://registry.npmjs.org/chrome-extension-async/-/chrome-extension-async-3.4.1.tgz",
      "integrity": "sha512-YBkFGFL+8MpkHvZ4nB/NU0uPkJU4LWjSlqxgXOwHcBe5sGs/YT0etEkmQXay3Op6p2c+34zf1k4Osi0ma4HtiQ=="
    }
  }
}
